
Microsoft Visual Studio Solution File, Format Version 12.00
# Visual Studio Version 17
VisualStudioVersion = 17.5.33414.496
MinimumVisualStudioVersion = 10.0.40219.1
Project("{FAE04EC0-301F-11D3-BF4B-00C04F79EFBC}") = "eTickets1", "eTickets1\eTickets1.csproj", "{6C66BAC3-5253-4A3E-A0DF-2AC0647C3AA9}"
EndProject
Global
	GlobalSection(SolutionConfigurationPlatforms) = preSolution
		Debug|Any CPU = Debug|Any CPU
		Release|Any CPU = Release|Any CPU
	EndGlobalSection
	GlobalSection(ProjectConfigurationPlatforms) = postSolution
		{6C66BAC3-5253-4A3E-A0DF-2AC0647C3AA9}.Debug|Any CPU.ActiveCfg = Debug|Any CPU
		{6C66BAC3-5253-4A3E-A0DF-2AC0647C3AA9}.Debug|Any CPU.Build.0 = Debug|Any CPU
		{6C66BAC3-5253-4A3E-A0DF-2AC0647C3AA9}.Release|Any CPU.ActiveCfg = Release|Any CPU
		{6C66BAC3-5253-4A3E-A0DF-2AC0647C3AA9}.Release|Any CPU.Build.0 = Release|Any CPU
	EndGlobalSection
	GlobalSection(SolutionProperties) = preSolution
		HideSolutionNode = FALSE
	EndGlobalSection
	GlobalSection(ExtensibilityGlobals) = postSolution
		SolutionGuid = {37DAD472-68E0-4685-BC4E-3D8448CDA8CB}
	EndGlobalSection
EndGlobal
